// !$*UTF8*$!
{
	archiveVersion = 1;
	classes = {
	};
	objectVersion = 46;
	objects = {

/* Begin PBXBuildFile section */
		CF21454A1DE459B2000B868E /* AppDelegate.swift in Sources */ = {isa = PBXBuildFile; fileRef = CF2145491DE459B2000B868E /* AppDelegate.swift */; };
		CF21454C1DE459B2000B868E /* ViewController.swift in Sources */ = {isa = PBXBuildFile; fileRef = CF21454B1DE459B2000B868E /* ViewController.swift */; };
		CF21454F1DE459B2000B868E /* Main.storyboard in Resources */ = {isa = PBXBuildFile; fileRef = CF21454D1DE459B2000B868E /* Main.storyboard */; };
		CF2145511DE459B2000B868E /* Assets.xcassets in Resources */ = {isa = PBXBuildFile; fileRef = CF2145501DE459B2000B868E /* Assets.xcassets */; };
		CF2145541DE459B2000B868E /* LaunchScreen.storyboard in Resources */ = {isa = PBXBuildFile; fileRef = CF2145521DE459B2000B868E /* LaunchScreen.storyboard */; };
		CF21455F1DE459B2000B868E /* weatherTests.swift in Sources */ = {isa = PBXBuildFile; fileRef = CF21455E1DE459B2000B868E /* weatherTests.swift */; };
		CF21456A1DE45A00000B868E /* Blood.png in Resources */ = {isa = PBXBuildFile; fileRef = CF2145691DE45A00000B868E /* Blood.png */; };
		CF21456C1DE45A05000B868E /* Moon.png in Resources */ = {isa = PBXBuildFile; fileRef = CF21456B1DE45A05000B868E /* Moon.png */; };
		CF21456E1DE45A0A000B868E /* Sun.png in Resources */ = {isa = PBXBuildFile; fileRef = CF21456D1DE45A0A000B868E /* Sun.png */; };
/* End PBXBuildFile section */

/* Begin PBXContainerItemProxy section */
		CF21455B1DE459B2000B868E /* PBXContainerItemProxy */ = {
			isa = PBXContainerItemProxy;
			containerPortal = CF21453E1DE459B2000B868E /* Project object */;
			proxyType = 1;
			remoteGlobalIDString = CF2145451DE459B2000B868E;
			remoteInfo = weather;
		};
/* End PBXContainerItemProxy section */

/* Begin PBXFileReference section */
		CF2145461DE459B2000B868E /* weather.app */ = {isa = PBXFileReference; explicitFileType = wrapper.application; includeInIndex = 0; path = weather.app; sourceTree = BUILT_PRODUCTS_DIR; };
		CF2145491DE459B2000B868E /* AppDelegate.swift */ = {isa = PBXFileReference; lastKnownFileType = sourcecode.swift; path = AppDelegate.swift; sourceTree = "<group>"; };
		CF21454B1DE459B2000B868E /* ViewController.swift */ = {isa = PBXFileReference; lastKnownFileType = sourcecode.swift; path = ViewController.swift; sourceTree = "<group>"; };
		CF21454E1DE459B2000B868E /* Base */ = {isa = PBXFileReference; lastKnownFileType = file.storyboard; name = Base; path = Base.lproj/Main.storyboard; sourceTree = "<group>"; };
		CF2145501DE459B2000B868E /* Assets.xcassets */ = {isa = PBXFileReference; lastKnownFileType = folder.assetcatalog; path = Assets.xcassets; sourceTree = "<group>"; };
		CF2145531DE459B2000B868E /* Base */ = {isa = PBXFileReference; lastKnownFileType = file.storyboard; name = Base; path = Base.lproj/LaunchScreen.storyboard; sourceTree = "<group>"; };
		CF2145551DE459B2000B868E /* Info.plist */ = {isa = PBXFileReference; lastKnownFileType = text.plist.xml; path = Info.plist; sourceTree = "<group>"; };
		CF21455A1DE459B2000B868E /* weatherTests.xctest */ = {isa = PBXFileReference; explicitFileType = wrapper.cfbundle; includeInIndex = 0; path = weatherTests.xctest; sourceTree = BUILT_PRODUCTS_DIR; };
		CF21455E1DE459B2000B868E /* weatherTests.swift */ = {isa = PBXFileReference; lastKnownFileType = sourcecode.swift; path = weatherTests.swift; sourceTree = "<group>"; };
		CF2145601DE459B2000B868E /* Info.plist */ = {isa = PBXFileReference; lastKnownFileType = text.plist.xml; path = Info.plist; sourceTree = "<group>"; };
		CF2145691DE45A00000B868E /* Blood.png */ = {isa = PBXFileReference; lastKnownFileType = image.png; path = Blood.png; sourceTree = "<group>"; };
		CF21456B1DE45A05000B868E /* Moon.png */ = {isa = PBXFileReference; lastKnownFileType = image.png; path = Moon.png; sourceTree = "<group>"; };
		CF21456D1DE45A0A000B868E /* Sun.png */ = {isa = PBXFileReference; lastKnownFileType = image.png; path = Sun.png; sourceTree = "<group>"; };
/* End PBXFileReference section */

/* Begin PBXFrameworksBuildPhase section */
		CF2145431DE459B2000B868E /* Frameworks */ = {
			isa = PBXFrameworksBuildPhase;
			buildActionMask = 2147483647;
			files = (
			);
			runOnlyForDeploymentPostprocessing = 0;
		};
		CF2145571DE459B2000B868E /* Frameworks */ = {
			isa = PBXFrameworksBuildPhase;
			buildActionMask = 2147483647;
			files = (
			);
			runOnlyForDeploymentPostprocessing = 0;
		};
/* End PBXFrameworksBuildPhase section */

/* Begin PBXGroup section */
		CF21453D1DE459B2000B868E = {
			isa = PBXGroup;
			children = (
				CF2145481DE459B2000B868E /* weather */,
				CF21455D1DE459B2000B868E /* weatherTests */,
				CF2145471DE459B2000B868E /* Products */,
			);
			sourceTree = "<group>";
		};
		CF2145471DE459B2000B868E /* Products */ = {
			isa = PBXGroup;
			children = (
				CF2145461DE459B2000B868E /* weather.app */,
				CF21455A1DE459B2000B868E /* weatherTests.xctest */,
			);
			name = Products;
			sourceTree = "<group>";
		};
		CF2145481DE459B2000B868E /* weather */ = {
			isa = PBXGroup;
			children = (
				CF2145491DE459B2000B868E /* AppDelegate.swift */,
				CF21454B1DE459B2000B868E /* ViewController.swift */,
				CF21454D1DE459B2000B868E /* Main.storyboard */,
				CF2145501DE459B2000B868E /* Assets.xcassets */,
				CF2145521DE459B2000B868E /* LaunchScreen.storyboard */,
				CF2145551DE459B2000B868E /* Info.plist */,
				CF2145691DE45A00000B868E /* Blood.png */,
				CF21456B1DE45A05000B868E /* Moon.png */,
				CF21456D1DE45A0A000B868E /* Sun.png */,
			);
			path = weather;
			sourceTree = "<group>";
		};
		CF21455D1DE459B2000B868E /* weatherTests */ = {
			isa = PBXGroup;
			children = (
				CF21455E1DE459B2000B868E /* weatherTests.swift */,
				CF2145601DE459B2000B868E /* Info.plist */,
			);
			path = weatherTests;
			sourceTree = "<group>";
		};
/* End PBXGroup section */

/* Begin PBXNativeTarget section */
		CF2145451DE459B2000B868E /* weather */ = {
			isa = PBXNativeTarget;
			buildConfigurationList = CF2145631DE459B2000B868E /* Build configuration list for PBXNativeTarget "weather" */;
			buildPhases = (
				CF2145421DE459B2000B868E /* Sources */,
				CF2145431DE459B2000B868E /* Frameworks */,
				CF2145441DE459B2000B868E /* Resources */,
			);
			buildRules = (
			);
			dependencies = (
			);
			name = weather;
			productName = weather;
			productReference = CF2145461DE459B2000B868E /* weather.app */;
			productType = "com.apple.product-type.application";
		};
		CF2145591DE459B2000B868E /* weatherTests */ = {
			isa = PBXNativeTarget;
			buildConfigurationList = CF2145661DE459B2000B868E /* Build configuration list for PBXNativeTarget "weatherTests" */;
			buildPhases = (
				CF2145561DE459B2000B868E /* Sources */,
				CF2145571DE459B2000B868E /* Frameworks */,
				CF2145581DE459B2000B868E /* Resources */,
			);
			buildRules = (
			);
			dependencies = (
				CF21455C1DE459B2000B868E /* PBXTargetDependency */,
			);
			name = weatherTests;
			productName = weatherTests;
			productReference = CF21455A1DE459B2000B868E /* weatherTests.xctest */;
			productType = "com.apple.product-type.bundle.unit-test";
		};
/* End PBXNativeTarget section */

/* Begin PBXProject section */
		CF21453E1DE459B2000B868E /* Project object */ = {
			isa = PBXProject;
			attributes = {
				LastSwiftUpdateCheck = 0810;
				LastUpgradeCheck = 0810;
				ORGANIZATIONNAME = "Nhật Minh";
				TargetAttributes = {
					CF2145451DE459B2000B868E = {
						CreatedOnToolsVersion = 8.1;
						ProvisioningStyle = Automatic;
					};
					CF2145591DE459B2000B868E = {
						CreatedOnToolsVersion = 8.1;
						ProvisioningStyle = Automatic;
						TestTargetID = CF2145451DE459B2000B868E;
					};
				};
			};
			buildConfigurationList = CF2145411DE459B2000B868E /* Build configuration list for PBXProject "weather" */;
			compatibilityVersion = "Xcode 3.2";
			developmentRegion = English;
			hasScannedForEncodings = 0;
			knownRegions = (
				en,
				Base,
			);
			mainGroup = CF21453D1DE459B2000B868E;
			productRefGroup = CF2145471DE459B2000B868E /* Products */;
			projectDirPath = "";
			projectRoot = "";
			targets = (
				CF2145451DE459B2000B868E /* weather */,
				CF2145591DE459B2000B868E /* weatherTests */,
			);
		};
/* End PBXProject section */

/* Begin PBXResourcesBuildPhase section */
		CF2145441DE459B2000B868E /* Resources */ = {
			isa = PBXResourcesBuildPhase;
			buildActionMask = 2147483647;
			files = (
				CF21456E1DE45A0A000B868E /* Sun.png in Resources */,
				CF21456A1DE45A00000B868E /* Blood.png in Resources */,
				CF2145541DE459B2000B868E /* LaunchScreen.storyboard in Resources */,
				CF21456C1DE45A05000B868E /* Moon.png in Resources */,
				CF2145511DE459B2000B868E /* Assets.xcassets in Resources */,
				CF21454F1DE459B2000B868E /* Main.storyboard in Resources */,
			);
			runOnlyForDeploymentPostprocessing = 0;
		};
		CF2145581DE459B2000B868E /* Resources */ = {
			isa = PBXResourcesBuildPhase;
			buildActionMask = 2147483647;
			files = (
			);
			runOnlyForDeploymentPostprocessing = 0;
		};
/* End PBXResourcesBuildPhase section */

/* Begin PBXSourcesBuildPhase section */
		CF2145421DE459B2000B868E /* Sources */ = {
			isa = PBXSourcesBuildPhase;
			buildActionMask = 2147483647;
			files = (
				CF21454C1DE459B2000B868E /* ViewController.swift in Sources */,
				CF21454A1DE459B2000B868E /* AppDelegate.swift in Sources */,
			);
			runOnlyForDeploymentPostprocessing = 0;
		};
		CF2145561DE459B2000B868E /* Sources */ = {
			isa = PBXSourcesBuildPhase;
			buildActionMask = 2147483647;
			files = (
				CF21455F1DE459B2000B868E /* weatherTests.swift in Sources */,
			);
			runOnlyForDeploymentPostprocessing = 0;
		};
/* End PBXSourcesBuildPhase section */

/* Begin PBXTargetDependency section */
		CF21455C1DE459B2000B868E /* PBXTargetDependency */ = {
			isa = PBXTargetDependency;
			target = CF2145451DE459B2000B868E /* weather */;
			targetProxy = CF21455B1DE459B2000B868E /* PBXContainerItemProxy */;
		};
/* End PBXTargetDependency section */

/* Begin PBXVariantGroup section */
		CF21454D1DE459B2000B868E /* Main.storyboard */ = {
			isa = PBXVariantGroup;
			children = (
				CF21454E1DE459B2000B868E /* Base */,
			);
			name = Main.storyboard;
			sourceTree = "<group>";
		};
		CF2145521DE459B2000B868E /* LaunchScreen.storyboard */ = {
			isa = PBXVariantGroup;
			children = (
				CF2145531DE459B2000B868E /* Base */,
			);
			name = LaunchScreen.storyboard;
			sourceTree = "<group>";
		};
/* End PBXVariantGroup section */

/* Begin XCBuildConfiguration section */
		CF2145611DE459B2000B868E /* Debug */ = {
			isa = XCBuildConfiguration;
			buildSettings = {
				ALWAYS_SEARCH_USER_PATHS = NO;
				CLANG_ANALYZER_NONNULL = YES;
				CLANG_CXX_LANGUAGE_STANDARD = "gnu++0x";
				CLANG_CXX_LIBRARY = "libc++";
				CLANG_ENABLE_MODULES = YES;
				CLANG_ENABLE_OBJC_ARC = YES;
				CLANG_WARN_BOOL_CONVERSION = YES;
				CLANG_WARN_CONSTANT_CONVERSION = YES;
				CLANG_WARN_DIRECT_OBJC_ISA_USAGE = YES_ERROR;
				CLANG_WARN_DOCUMENTATION_COMMENTS = YES;
				CLANG_WARN_EMPTY_BODY = YES;
				CLANG_WARN_ENUM_CONVERSION = YES;
				CLANG_WARN_INFINITE_RECURSION = YES;
				CLANG_WARN_INT_CONVERSION = YES;
				CLANG_WARN_OBJC_ROOT_CLASS = YES_ERROR;
				CLANG_WARN_SUSPICIOUS_MOVES = YES;
				CLANG_WARN_UNREACHABLE_CODE = YES;
				CLANG_WARN__DUPLICATE_METHOD_MATCH = YES;
				"CODE_SIGN_IDENTITY[sdk=iphoneos*]" = "iPhone Developer";
				COPY_PHASE_STRIP = NO;
				DEBUG_INFORMATION_FORMAT = dwarf;
				ENABLE_STRICT_OBJC_MSGSEND = YES;
				ENABLE_TESTABILITY = YES;
				GCC_C_LANGUAGE_STANDARD = gnu99;
				GCC_DYNAMIC_NO_PIC = NO;
				GCC_NO_COMMON_BLOCKS = YES;
				GCC_OPTIMIZATION_LEVEL = 0;
				GCC_PREPROCESSOR_DEFINITIONS = (
					"DEBUG=1",
					"$(inherited)",
				);
				GCC_WARN_64_TO_32_BIT_CONVERSION = YES;
				GCC_WARN_ABOUT_RETURN_TYPE = YES_ERROR;
				GCC_WARN_UNDECLARED_SELECTOR = YES;
				GCC_WARN_UNINITIALIZED_AUTOS = YES_AGGRESSIVE;
				GCC_WARN_UNUSED_FUNCTION = YES;
				GCC_WARN_UNUSED_VARIABLE = YES;
				IPHONEOS_DEPLOYMENT_TARGET = 10.1;
				MTL_ENABLE_DEBUG_INFO = YES;
				ONLY_ACTIVE_ARCH = YES;
				SDKROOT = iphoneos;
				SWIFT_ACTIVE_COMPILATION_CONDITIONS = DEBUG;
				SWIFT_OPTIMIZATION_LEVEL = "-Onone";
				TARGETED_DEVICE_FAMILY = "1,2";
			};
			name = Debug;
		};
		CF2145621DE459B2000B868E /* Release */ = {
			isa = XCBuildConfiguration;
			buildSettings = {
				ALWAYS_SEARCH_USER_PATHS = NO;
				CLANG_ANALYZER_NONNULL = YES;
				CLANG_CXX_LANGUAGE_STANDARD = "gnu++0x";
				CLANG_CXX_LIBRARY = "libc++";
				CLANG_ENABLE_MODULES = YES;
				CLANG_ENABLE_OBJC_ARC = YES;
				CLANG_WARN_BOOL_CONVERSION = YES;
				CLANG_WARN_CONSTANT_CONVERSION = YES;
				CLANG_WARN_DIRECT_OBJC_ISA_USAGE = YES_ERROR;
				CLANG_WARN_DOCUMENTATION_COMMENTS = YES;
				CLANG_WARN_EMPTY_BODY = YES;
				CLANG_WARN_ENUM_CONVERSION = YES;
				CLANG_WARN_INFINITE_RECURSION = YES;
				CLANG_WARN_INT_CONVERSION = YES;
				CLANG_WARN_OBJC_ROOT_CLASS = YES_ERROR;
				CLANG_WARN_SUSPICIOUS_MOVES = YES;
				CLANG_WARN_UNREACHABLE_CODE = YES;
				CLANG_WARN__DUPLICATE_METHOD_MATCH = YES;
				"CODE_SIGN_IDENTITY[sdk=iphoneos*]" = "iPhone Developer";
				COPY_PHASE_STRIP = NO;
				DEBUG_INFORMATION_FORMAT = "dwarf-with-dsym";
				ENABLE_NS_ASSERTIONS = NO;
				ENABLE_STRICT_OBJC_MSGSEND = YES;
				GCC_C_LANGUAGE_STANDARD = gnu99;
				GCC_NO_COMMON_BLOCKS = YES;
				GCC_WARN_64_TO_32_BIT_CONVERSION = YES;
				GCC_WARN_ABOUT_RETURN_TYPE = YES_ERROR;
				GCC_WARN_UNDECLARED_SELECTOR = YES;
				GCC_WARN_UNINITIALIZED_AUTOS = YES_AGGRESSIVE;
				GCC_WARN_UNUSED_FUNCTION = YES;
				GCC_WARN_UNUSED_VARIABLE = YES;
				IPHONEOS_DEPLOYMENT_TARGET = 10.1;
				MTL_ENABLE_DEBUG_INFO = NO;
				SDKROOT = iphoneos;
				SWIFT_OPTIMIZATION_LEVEL = "-Owholemodule";
				TARGETED_DEVICE_FAMILY = "1,2";
				VALIDATE_PRODUCT = YES;
			};
			name = Release;
		};
		CF2145641DE459B2000B868E /* Debug */ = {
			isa = XCBuildConfiguration;
			buildSettings = {
				ASSETCATALOG_COMPILER_APPICON_NAME = AppIcon;
				INFOPLIST_FILE = weather/Info.plist;
				LD_RUNPATH_SEARCH_PATHS = "$(inherited) @executable_path/Frameworks";
				PRODUCT_BUNDLE_IDENTIFIER = ahahaha.weather;
				PRODUCT_NAME = "$(TARGET_NAME)";
				SWIFT_VERSION = 3.0;
			};
			name = Debug;
		};
		CF2145651DE459B2000B868E /* Release */ = {
			isa = XCBuildConfiguration;
			buildSettings = {
				ASSETCATALOG_COMPILER_APPICON_NAME = AppIcon;
				INFOPLIST_FILE = weather/Info.plist;
				LD_RUNPATH_SEARCH_PATHS = "$(inherited) @executable_path/Frameworks";
				PRODUCT_BUNDLE_IDENTIFIER = ahahaha.weather;
				PRODUCT_NAME = "$(TARGET_NAME)";
				SWIFT_VERSION = 3.0;
			};
			name = Release;
		};
		CF2145671DE459B2000B868E /* Debug */ = {
			isa = XCBuildConfiguration;
			buildSettings = {
				ALWAYS_EMBED_SWIFT_STANDARD_LIBRARIES = YES;
				BUNDLE_LOADER = "$(TEST_HOST)";
				INFOPLIST_FILE = weatherTests/Info.plist;
				LD_RUNPATH_SEARCH_PATHS = "$(inherited) @executable_path/Frameworks @loader_path/Frameworks";
				PRODUCT_BUNDLE_IDENTIFIER = ahahaha.weatherTests;
				PRODUCT_NAME = "$(TARGET_NAME)";
				SWIFT_VERSION = 3.0;
				TEST_HOST = "$(BUILT_PRODUCTS_DIR)/weather.app/weather";
			};
			name = Debug;
		};
		CF2145681DE459B2000B868E /* Release */ = {
			isa = XCBuildConfiguration;
			buildSettings = {
				ALWAYS_EMBED_SWIFT_STANDARD_LIBRARIES = YES;
				BUNDLE_LOADER = "$(TEST_HOST)";
				INFOPLIST_FILE = weatherTests/Info.plist;
				LD_RUNPATH_SEARCH_PATHS = "$(inherited) @executable_path/Frameworks @loader_path/Frameworks";
				PRODUCT_BUNDLE_IDENTIFIER = ahahaha.weatherTests;
				PRODUCT_NAME = "$(TARGET_NAME)";
				SWIFT_VERSION = 3.0;
				TEST_HOST = "$(BUILT_PRODUCTS_DIR)/weather.app/weather";
			};
			name = Release;
		};
/* End XCBuildConfiguration section */

/* Begin XCConfigurationList section */
		CF2145411DE459B2000B868E /* Build configuration list for PBXProject "weather" */ = {
			isa = XCConfigurationList;
			buildConfigurations = (
				CF2145611DE459B2000B868E /* Debug */,
				CF2145621DE459B2000B868E /* Release */,
			);
			defaultConfigurationIsVisible = 0;
			defaultConfigurationName = Release;
		};
		CF2145631DE459B2000B868E /* Build configuration list for PBXNativeTarget "weather" */ = {
			isa = XCConfigurationList;
			buildConfigurations = (
				CF2145641DE459B2000B868E /* Debug */,
				CF2145651DE459B2000B868E /* Release */,
			);
			defaultConfigurationIsVisible = 0;
		};
		CF2145661DE459B2000B868E /* Build configuration list for PBXNativeTarget "weatherTests" */ = {
			isa = XCConfigurationList;
			buildConfigurations = (
				CF2145671DE459B2000B868E /* Debug */,
				CF2145681DE459B2000B868E /* Release */,
			);
			defaultConfigurationIsVisible = 0;
		};
/* End XCConfigurationList section */
	};
	rootObject = CF21453E1DE459B2000B868E /* Project object */;
}
